// !$*UTF8*$!
{
	archiveVersion = 1;
	classes = {
	};
	objectVersion = 46;
	objects = {

/* Begin PBXBuildFile section */
		24C5C9FC1B15904A00B6B041 /* main.m in Sources */ = {isa = PBXBuildFile; fileRef = 24C5C9FB1B15904A00B6B041 /* main.m */; };
		24C5C9FF1B15904A00B6B041 /* AppDelegate.m in Sources */ = {isa = PBXBuildFile; fileRef = 24C5C9FE1B15904A00B6B041 /* AppDelegate.m */; };
		24C5CA021B15904A00B6B041 /* ViewController.m in Sources */ = {isa = PBXBuildFile; fileRef = 24C5CA011B15904A00B6B041 /* ViewController.m */; };
		24C5CA051B15904A00B6B041 /* Main.storyboard in Resources */ = {isa = PBXBuildFile; fileRef = 24C5CA031B15904A00B6B041 /* Main.storyboard */; };
		24C5CA071B15904A00B6B041 /* Images.xcassets in Resources */ = {isa = PBXBuildFile; fileRef = 24C5CA061B15904A00B6B041 /* Images.xcassets */; };
		24C5CA0A1B15904A00B6B041 /* LaunchScreen.xib in Resources */ = {isa = PBXBuildFile; fileRef = 24C5CA081B15904A00B6B041 /* LaunchScreen.xib */; };
		24C5CA161B15904B00B6B041 /* fibTests.m in Sources */ = {isa = PBXBuildFile; fileRef = 24C5CA151B15904B00B6B041 /* fibTests.m */; };
		24C5CA211B15BBB900B6B041 /* scrollTableViewController.m in Sources */ = {isa = PBXBuildFile; fileRef = 24C5CA201B15BBB900B6B041 /* scrollTableViewController.m */; };
		24C5CA241B15C26200B6B041 /* Fibonacci.m in Sources */ = {isa = PBXBuildFile; fileRef = 24C5CA231B15C26200B6B041 /* Fibonacci.m */; };
/* End PBXBuildFile section */

/* Begin PBXContainerItemProxy section */
		24C5CA101B15904B00B6B041 /* PBXContainerItemProxy */ = {
			isa = PBXContainerItemProxy;
			containerPortal = 24C5C9EE1B15904A00B6B041 /* Project object */;
			proxyType = 1;
			remoteGlobalIDString = 24C5C9F51B15904A00B6B041;
			remoteInfo = fib;
		};
/* End PBXContainerItemProxy section */

/* Begin PBXFileReference section */
		24C5C9F61B15904A00B6B041 /* fib.app */ = {isa = PBXFileReference; explicitFileType = wrapper.application; includeInIndex = 0; path = fib.app; sourceTree = BUILT_PRODUCTS_DIR; };
		24C5C9FA1B15904A00B6B041 /* Info.plist */ = {isa = PBXFileReference; lastKnownFileType = text.plist.xml; path = Info.plist; sourceTree = "<group>"; };
		24C5C9FB1B15904A00B6B041 /* main.m */ = {isa = PBXFileReference; lastKnownFileType = sourcecode.c.objc; path = main.m; sourceTree = "<group>"; };
		24C5C9FD1B15904A00B6B041 /* AppDelegate.h */ = {isa = PBXFileReference; lastKnownFileType = sourcecode.c.h; path = AppDelegate.h; sourceTree = "<group>"; };
		24C5C9FE1B15904A00B6B041 /* AppDelegate.m */ = {isa = PBXFileReference; lastKnownFileType = sourcecode.c.objc; path = AppDelegate.m; sourceTree = "<group>"; };
		24C5CA001B15904A00B6B041 /* ViewController.h */ = {isa = PBXFileReference; lastKnownFileType = sourcecode.c.h; path = ViewController.h; sourceTree = "<group>"; };
		24C5CA011B15904A00B6B041 /* ViewController.m */ = {isa = PBXFileReference; lastKnownFileType = sourcecode.c.objc; path = ViewController.m; sourceTree = "<group>"; };
		24C5CA041B15904A00B6B041 /* Base */ = {isa = PBXFileReference; lastKnownFileType = file.storyboard; name = Base; path = Base.lproj/Main.storyboard; sourceTree = "<group>"; };
		24C5CA061B15904A00B6B041 /* Images.xcassets */ = {isa = PBXFileReference; lastKnownFileType = folder.assetcatalog; path = Images.xcassets; sourceTree = "<group>"; };
		24C5CA091B15904A00B6B041 /* Base */ = {isa = PBXFileReference; lastKnownFileType = file.xib; name = Base; path = Base.lproj/LaunchScreen.xib; sourceTree = "<group>"; };
		24C5CA0F1B15904B00B6B041 /* fibTests.xctest */ = {isa = PBXFileReference; explicitFileType = wrapper.cfbundle; includeInIndex = 0; path = fibTests.xctest; sourceTree = BUILT_PRODUCTS_DIR; };
		24C5CA141B15904B00B6B041 /* Info.plist */ = {isa = PBXFileReference; lastKnownFileType = text.plist.xml; path = Info.plist; sourceTree = "<group>"; };
		24C5CA151B15904B00B6B041 /* fibTests.m */ = {isa = PBXFileReference; lastKnownFileType = sourcecode.c.objc; path = fibTests.m; sourceTree = "<group>"; };
		24C5CA1F1B15BBB900B6B041 /* scrollTableViewController.h */ = {isa = PBXFileReference; fileEncoding = 4; lastKnownFileType = sourcecode.c.h; path = scrollTableViewController.h; sourceTree = "<group>"; };
		24C5CA201B15BBB900B6B041 /* scrollTableViewController.m */ = {isa = PBXFileReference; fileEncoding = 4; lastKnownFileType = sourcecode.c.objc; path = scrollTableViewController.m; sourceTree = "<group>"; };
		24C5CA221B15C26200B6B041 /* Fibonacci.h */ = {isa = PBXFileReference; fileEncoding = 4; lastKnownFileType = sourcecode.c.h; path = Fibonacci.h; sourceTree = "<group>"; };
		24C5CA231B15C26200B6B041 /* Fibonacci.m */ = {isa = PBXFileReference; fileEncoding = 4; lastKnownFileType = sourcecode.c.objc; path = Fibonacci.m; sourceTree = "<group>"; };
/* End PBXFileReference section */

/* Begin PBXFrameworksBuildPhase section */
		24C5C9F31B15904A00B6B041 /* Frameworks */ = {
			isa = PBXFrameworksBuildPhase;
			buildActionMask = 2147483647;
			files = (
			);
			runOnlyForDeploymentPostprocessing = 0;
		};
		24C5CA0C1B15904B00B6B041 /* Frameworks */ = {
			isa = PBXFrameworksBuildPhase;
			buildActionMask = 2147483647;
			files = (
			);
			runOnlyForDeploymentPostprocessing = 0;
		};
/* End PBXFrameworksBuildPhase section */

/* Begin PBXGroup section */
		24C5C9ED1B15904A00B6B041 = {
			isa = PBXGroup;
			children = (
				24C5C9F81B15904A00B6B041 /* fib */,
				24C5CA121B15904B00B6B041 /* fibTests */,
				24C5C9F71B15904A00B6B041 /* Products */,
			);
			sourceTree = "<group>";
		};
		24C5C9F71B15904A00B6B041 /* Products */ = {
			isa = PBXGroup;
			children = (
				24C5C9F61B15904A00B6B041 /* fib.app */,
				24C5CA0F1B15904B00B6B041 /* fibTests.xctest */,
			);
			name = Products;
			sourceTree = "<group>";
		};
		24C5C9F81B15904A00B6B041 /* fib */ = {
			isa = PBXGroup;
			children = (
				24C5C9FD1B15904A00B6B041 /* AppDelegate.h */,
				24C5C9FE1B15904A00B6B041 /* AppDelegate.m */,
				24C5CA001B15904A00B6B041 /* ViewController.h */,
				24C5CA011B15904A00B6B041 /* ViewController.m */,
				24C5CA031B15904A00B6B041 /* Main.storyboard */,
				24C5CA1F1B15BBB900B6B041 /* scrollTableViewController.h */,
				24C5CA201B15BBB900B6B041 /* scrollTableViewController.m */,
				24C5CA221B15C26200B6B041 /* Fibonacci.h */,
				24C5CA231B15C26200B6B041 /* Fibonacci.m */,
				24C5CA061B15904A00B6B041 /* Images.xcassets */,
				24C5CA081B15904A00B6B041 /* LaunchScreen.xib */,
				24C5C9F91B15904A00B6B041 /* Supporting Files */,
			);
			path = fib;
			sourceTree = "<group>";
		};
		24C5C9F91B15904A00B6B041 /* Supporting Files */ = {
			isa = PBXGroup;
			children = (
				24C5C9FA1B15904A00B6B041 /* Info.plist */,
				24C5C9FB1B15904A00B6B041 /* main.m */,
			);
			name = "Supporting Files";
			sourceTree = "<group>";
		};
		24C5CA121B15904B00B6B041 /* fibTests */ = {
			isa = PBXGroup;
			children = (
				24C5CA151B15904B00B6B041 /* fibTests.m */,
				24C5CA131B15904B00B6B041 /* Supporting Files */,
			);
			path = fibTests;
			sourceTree = "<group>";
		};
		24C5CA131B15904B00B6B041 /* Supporting Files */ = {
			isa = PBXGroup;
			children = (
				24C5CA141B15904B00B6B041 /* Info.plist */,
			);
			name = "Supporting Files";
			sourceTree = "<group>";
		};
/* End PBXGroup section */

/* Begin PBXNativeTarget section */
		24C5C9F51B15904A00B6B041 /* fib */ = {
			isa = PBXNativeTarget;
			buildConfigurationList = 24C5CA191B15904B00B6B041 /* Build configuration list for PBXNativeTarget "fib" */;
			buildPhases = (
				24C5C9F21B15904A00B6B041 /* Sources */,
				24C5C9F31B15904A00B6B041 /* Frameworks */,
				24C5C9F41B15904A00B6B041 /* Resources */,
			);
			buildRules = (
			);
			dependencies = (
			);
			name = fib;
			productName = fib;
			productReference = 24C5C9F61B15904A00B6B041 /* fib.app */;
			productType = "com.apple.product-type.application";
		};
		24C5CA0E1B15904B00B6B041 /* fibTests */ = {
			isa = PBXNativeTarget;
			buildConfigurationList = 24C5CA1C1B15904B00B6B041 /* Build configuration list for PBXNativeTarget "fibTests" */;
			buildPhases = (
				24C5CA0B1B15904B00B6B041 /* Sources */,
				24C5CA0C1B15904B00B6B041 /* Frameworks */,
				24C5CA0D1B15904B00B6B041 /* Resources */,
			);
			buildRules = (
			);
			dependencies = (
				24C5CA111B15904B00B6B041 /* PBXTargetDependency */,
			);
			name = fibTests;
			productName = fibTests;
			productReference = 24C5CA0F1B15904B00B6B041 /* fibTests.xctest */;
			productType = "com.apple.product-type.bundle.unit-test";
		};
/* End PBXNativeTarget section */

/* Begin PBXProject section */
		24C5C9EE1B15904A00B6B041 /* Project object */ = {
			isa = PBXProject;
			attributes = {
				LastUpgradeCheck = 0630;
				ORGANIZATIONNAME = diegowatanabe;
				TargetAttributes = {
					24C5C9F51B15904A00B6B041 = {
						CreatedOnToolsVersion = 6.3.2;
					};
					24C5CA0E1B15904B00B6B041 = {
						CreatedOnToolsVersion = 6.3.2;
						TestTargetID = 24C5C9F51B15904A00B6B041;
					};
				};
			};
			buildConfigurationList = 24C5C9F11B15904A00B6B041 /* Build configuration list for PBXProject "fib" */;
			compatibilityVersion = "Xcode 3.2";
			developmentRegion = English;
			hasScannedForEncodings = 0;
			knownRegions = (
				en,
				Base,
			);
			mainGroup = 24C5C9ED1B15904A00B6B041;
			productRefGroup = 24C5C9F71B15904A00B6B041 /* Products */;
			projectDirPath = "";
			projectRoot = "";
			targets = (
				24C5C9F51B15904A00B6B041 /* fib */,
				24C5CA0E1B15904B00B6B041 /* fibTests */,
			);
		};
/* End PBXProject section */

/* Begin PBXResourcesBuildPhase section */
		24C5C9F41B15904A00B6B041 /* Resources */ = {
			isa = PBXResourcesBuildPhase;
			buildActionMask = 2147483647;
			files = (
				24C5CA051B15904A00B6B041 /* Main.storyboard in Resources */,
				24C5CA0A1B15904A00B6B041 /* LaunchScreen.xib in Resources */,
				24C5CA071B15904A00B6B041 /* Images.xcassets in Resources */,
			);
			runOnlyForDeploymentPostprocessing = 0;
		};
		24C5CA0D1B15904B00B6B041 /* Resources */ = {
			isa = PBXResourcesBuildPhase;
			buildActionMask = 2147483647;
			files = (
			);
			runOnlyForDeploymentPostprocessing = 0;
		};
/* End PBXResourcesBuildPhase section */

/* Begin PBXSourcesBuildPhase section */
		24C5C9F21B15904A00B6B041 /* Sources */ = {
			isa = PBXSourcesBuildPhase;
			buildActionMask = 2147483647;
			files = (
				24C5CA211B15BBB900B6B041 /* scrollTableViewController.m in Sources */,
				24C5CA241B15C26200B6B041 /* Fibonacci.m in Sources */,
				24C5CA021B15904A00B6B041 /* ViewController.m in Sources */,
				24C5C9FF1B15904A00B6B041 /* AppDelegate.m in Sources */,
				24C5C9FC1B15904A00B6B041 /* main.m in Sources */,
			);
			runOnlyForDeploymentPostprocessing = 0;
		};
		24C5CA0B1B15904B00B6B041 /* Sources */ = {
			isa = PBXSourcesBuildPhase;
			buildActionMask = 2147483647;
			files = (
				24C5CA161B15904B00B6B041 /* fibTests.m in Sources */,
			);
			runOnlyForDeploymentPostprocessing = 0;
		};
/* End PBXSourcesBuildPhase section */

/* Begin PBXTargetDependency section */
		24C5CA111B15904B00B6B041 /* PBXTargetDependency */ = {
			isa = PBXTargetDependency;
			target = 24C5C9F51B15904A00B6B041 /* fib */;
			targetProxy = 24C5CA101B15904B00B6B041 /* PBXContainerItemProxy */;
		};
/* End PBXTargetDependency section */

/* Begin PBXVariantGroup section */
		24C5CA031B15904A00B6B041 /* Main.storyboard */ = {
			isa = PBXVariantGroup;
			children = (
				24C5CA041B15904A00B6B041 /* Base */,
			);
			name = Main.storyboard;
			sourceTree = "<group>";
		};
		24C5CA081B15904A00B6B041 /* LaunchScreen.xib */ = {
			isa = PBXVariantGroup;
			children = (
				24C5CA091B15904A00B6B041 /* Base */,
			);
			name = LaunchScreen.xib;
			sourceTree = "<group>";
		};
/* End PBXVariantGroup section */

/* Begin XCBuildConfiguration section */
		24C5CA171B15904B00B6B041 /* Debug */ = {
			isa = XCBuildConfiguration;
			buildSettings = {
				ALWAYS_SEARCH_USER_PATHS = NO;
				CLANG_CXX_LANGUAGE_STANDARD = "gnu++0x";
				CLANG_CXX_LIBRARY = "libc++";
				CLANG_ENABLE_MODULES = YES;
				CLANG_ENABLE_OBJC_ARC = YES;
				CLANG_WARN_BOOL_CONVERSION = YES;
				CLANG_WARN_CONSTANT_CONVERSION = YES;
				CLANG_WARN_DIRECT_OBJC_ISA_USAGE = YES_ERROR;
				CLANG_WARN_EMPTY_BODY = YES;
				CLANG_WARN_ENUM_CONVERSION = YES;
				CLANG_WARN_INT_CONVERSION = YES;
				CLANG_WARN_OBJC_ROOT_CLASS = YES_ERROR;
				CLANG_WARN_UNREACHABLE_CODE = YES;
				CLANG_WARN__DUPLICATE_METHOD_MATCH = YES;
				"CODE_SIGN_IDENTITY[sdk=iphoneos*]" = "iPhone Developer";
				COPY_PHASE_STRIP = NO;
				DEBUG_INFORMATION_FORMAT = "dwarf-with-dsym";
				ENABLE_STRICT_OBJC_MSGSEND = YES;
				GCC_C_LANGUAGE_STANDARD = gnu99;
				GCC_DYNAMIC_NO_PIC = NO;
				GCC_NO_COMMON_BLOCKS = YES;
				GCC_OPTIMIZATION_LEVEL = 0;
				GCC_PREPROCESSOR_DEFINITIONS = (
					"DEBUG=1",
					"$(inherited)",
				);
				GCC_SYMBOLS_PRIVATE_EXTERN = NO;
				GCC_WARN_64_TO_32_BIT_CONVERSION = YES;
				GCC_WARN_ABOUT_RETURN_TYPE = YES_ERROR;
				GCC_WARN_UNDECLARED_SELECTOR = YES;
				GCC_WARN_UNINITIALIZED_AUTOS = YES_AGGRESSIVE;
				GCC_WARN_UNUSED_FUNCTION = YES;
				GCC_WARN_UNUSED_VARIABLE = YES;
				IPHONEOS_DEPLOYMENT_TARGET = 8.3;
				MTL_ENABLE_DEBUG_INFO = YES;
				ONLY_ACTIVE_ARCH = YES;
				SDKROOT = iphoneos;
				TARGETED_DEVICE_FAMILY = "1,2";
			};
			name = Debug;
		};
		24C5CA181B15904B00B6B041 /* Release */ = {
			isa = XCBuildConfiguration;
			buildSettings = {
				ALWAYS_SEARCH_USER_PATHS = NO;
				CLANG_CXX_LANGUAGE_STANDARD = "gnu++0x";
				CLANG_CXX_LIBRARY = "libc++";
				CLANG_ENABLE_MODULES = YES;
				CLANG_ENABLE_OBJC_ARC = YES;
				CLANG_WARN_BOOL_CONVERSION = YES;
				CLANG_WARN_CONSTANT_CONVERSION = YES;
				CLANG_WARN_DIRECT_OBJC_ISA_USAGE = YES_ERROR;
				CLANG_WARN_EMPTY_BODY = YES;
				CLANG_WARN_ENUM_CONVERSION = YES;
				CLANG_WARN_INT_CONVERSION = YES;
				CLANG_WARN_OBJC_ROOT_CLASS = YES_ERROR;
				CLANG_WARN_UNREACHABLE_CODE = YES;
				CLANG_WARN__DUPLICATE_METHOD_MATCH = YES;
				"CODE_SIGN_IDENTITY[sdk=iphoneos*]" = "iPhone Developer";
				COPY_PHASE_STRIP = NO;
				DEBUG_INFORMATION_FORMAT = "dwarf-with-dsym";
				ENABLE_NS_ASSERTIONS = NO;
				ENABLE_STRICT_OBJC_MSGSEND = YES;
				GCC_C_LANGUAGE_STANDARD = gnu99;
				GCC_NO_COMMON_BLOCKS = YES;
				GCC_WARN_64_TO_32_BIT_CONVERSION = YES;
				GCC_WARN_ABOUT_RETURN_TYPE = YES_ERROR;
				GCC_WARN_UNDECLARED_SELECTOR = YES;
				GCC_WARN_UNINITIALIZED_AUTOS = YES_AGGRESSIVE;
				GCC_WARN_UNUSED_FUNCTION = YES;
				GCC_WARN_UNUSED_VARIABLE = YES;
				IPHONEOS_DEPLOYMENT_TARGET = 8.3;
				MTL_ENABLE_DEBUG_INFO = NO;
				SDKROOT = iphoneos;
				TARGETED_DEVICE_FAMILY = "1,2";
				VALIDATE_PRODUCT = YES;
			};
			name = Release;
		};
		24C5CA1A1B15904B00B6B041 /* Debug */ = {
			isa = XCBuildConfiguration;
			buildSettings = {
				ASSETCATALOG_COMPILER_APPICON_NAME = AppIcon;
				INFOPLIST_FILE = fib/Info.plist;
				LD_RUNPATH_SEARCH_PATHS = "$(inherited) @executable_path/Frameworks";
				PRODUCT_NAME = "$(TARGET_NAME)";
			};
			name = Debug;
		};
		24C5CA1B1B15904B00B6B041 /* Release */ = {
			isa = XCBuildConfiguration;
			buildSettings = {
				ASSETCATALOG_COMPILER_APPICON_NAME = AppIcon;
				INFOPLIST_FILE = fib/Info.plist;
				LD_RUNPATH_SEARCH_PATHS = "$(inherited) @executable_path/Frameworks";
				PRODUCT_NAME = "$(TARGET_NAME)";
			};
			name = Release;
		};
		24C5CA1D1B15904B00B6B041 /* Debug */ = {
			isa = XCBuildConfiguration;
			buildSettings = {
				BUNDLE_LOADER = "$(TEST_HOST)";
				FRAMEWORK_SEARCH_PATHS = (
					"$(SDKROOT)/Developer/Library/Frameworks",
					"$(inherited)",
				);
				GCC_PREPROCESSOR_DEFINITIONS = (
					"DEBUG=1",
					"$(inherited)",
				);
				INFOPLIST_FILE = fibTests/Info.plist;
				LD_RUNPATH_SEARCH_PATHS = "$(inherited) @executable_path/Frameworks @loader_path/Frameworks";
				PRODUCT_NAME = "$(TARGET_NAME)";
				TEST_HOST = "$(BUILT_PRODUCTS_DIR)/fib.app/fib";
			};
			name = Debug;
		};
		24C5CA1E1B15904B00B6B041 /* Release */ = {
			isa = XCBuildConfiguration;
			buildSettings = {
				BUNDLE_LOADER = "$(TEST_HOST)";
				FRAMEWORK_SEARCH_PATHS = (
					"$(SDKROOT)/Developer/Library/Frameworks",
					"$(inherited)",
				);
				INFOPLIST_FILE = fibTests/Info.plist;
				LD_RUNPATH_SEARCH_PATHS = "$(inherited) @executable_path/Frameworks @loader_path/Frameworks";
				PRODUCT_NAME = "$(TARGET_NAME)";
				TEST_HOST = "$(BUILT_PRODUCTS_DIR)/fib.app/fib";
			};
			name = Release;
		};
/* End XCBuildConfiguration section */

/* Begin XCConfigurationList section */
		24C5C9F11B15904A00B6B041 /* Build configuration list for PBXProject "fib" */ = {
			isa = XCConfigurationList;
			buildConfigurations = (
				24C5CA171B15904B00B6B041 /* Debug */,
				24C5CA181B15904B00B6B041 /* Release */,
			);
			defaultConfigurationIsVisible = 0;
			defaultConfigurationName = Release;
		};
		24C5CA191B15904B00B6B041 /* Build configuration list for PBXNativeTarget "fib" */ = {
			isa = XCConfigurationList;
			buildConfigurations = (
				24C5CA1A1B15904B00B6B041 /* Debug */,
				24C5CA1B1B15904B00B6B041 /* Release */,
			);
			defaultConfigurationIsVisible = 0;
		};
		24C5CA1C1B15904B00B6B041 /* Build configuration list for PBXNativeTarget "fibTests" */ = {
			isa = XCConfigurationList;
			buildConfigurations = (
				24C5CA1D1B15904B00B6B041 /* Debug */,
				24C5CA1E1B15904B00B6B041 /* Release */,
			);
			defaultConfigurationIsVisible = 0;
		};
/* End XCConfigurationList section */
	};
	rootObject = 24C5C9EE1B15904A00B6B041 /* Project object */;
}
